
Microsoft Visual Studio Solution File, Format Version 12.00
# Visual Studio Version 17
VisualStudioVersion = 17.10.35027.167
MinimumVisualStudioVersion = 10.0.40219.1
Project("{2150E333-8FDC-42A3-9474-1A3956D46DE8}") = "src", "src", "{0EE24E63-E47A-4FB7-ADD5-2DFE18E24314}"
EndProject
Project("{2150E333-8FDC-42A3-9474-1A3956D46DE8}") = "User", "User", "{33EB0B66-E785-401C-913F-0E58754A7C90}"
EndProject
Project("{2150E333-8FDC-42A3-9474-1A3956D46DE8}") = "Company", "Company", "{A51F2F80-F55B-4CF2-BB66-A0E9CAACAE9D}"
EndProject
Project("{2150E333-8FDC-42A3-9474-1A3956D46DE8}") = "Project", "Project", "{8ECEBAC6-33D1-47A7-B3D0-A2C11FA69CA4}"
EndProject
Project("{2150E333-8FDC-42A3-9474-1A3956D46DE8}") = "Chat", "Chat", "{6F0B068A-6383-426A-81FD-F1F34F0F37CF}"
EndProject
Project("{2150E333-8FDC-42A3-9474-1A3956D46DE8}") = "Payment", "Payment", "{0FEFF3C3-A188-4C39-A70E-828BFDD96099}"
EndProject
Project("{9A19103F-16F7-4668-BE54-9A1E7A4F7556}") = "Finazzy.Users.Application", "User\Finazzy.User.Application\Finazzy.Users.Application.csproj", "{7F366CC2-A25F-4E08-AF5C-6F0754E3F5D4}"
	ProjectSection(ProjectDependencies) = postProject
		{B7166436-0F26-4C78-BD4F-5760B5AD0B7D} = {B7166436-0F26-4C78-BD4F-5760B5AD0B7D}
	EndProjectSection
EndProject
Project("{9A19103F-16F7-4668-BE54-9A1E7A4F7556}") = "Finazzy.Users.Domain", "User\Finazzy.User.Domain\Finazzy.Users.Domain.csproj", "{B7166436-0F26-4C78-BD4F-5760B5AD0B7D}"
EndProject
Project("{9A19103F-16F7-4668-BE54-9A1E7A4F7556}") = "Finazzy.Users.Infrastructure", "User\Finazzy.User.Infrastructure\Finazzy.Users.Infrastructure.csproj", "{DA685AE8-4405-48C7-915D-8A7FF168A93D}"
EndProject
Project("{9A19103F-16F7-4668-BE54-9A1E7A4F7556}") = "Finazzy.Users.Persistence", "User\Finazzy.User.Persistence\Finazzy.Users.Persistence.csproj", "{573F8283-10B5-4EF6-9527-CC40281B65C0}"
EndProject
Project("{9A19103F-16F7-4668-BE54-9A1E7A4F7556}") = "Finazzy.Project.Application", "Project\Finazzy.Project.Application\Finazzy.Project.Application.csproj", "{B0CAC996-023D-4A1E-99D7-479715B9FF6A}"
EndProject
Project("{9A19103F-16F7-4668-BE54-9A1E7A4F7556}") = "Finazzy.Project.Domain", "Project\Finazzy.Project.Domain\Finazzy.Project.Domain.csproj", "{BB97C87F-04E4-4FB1-B16C-985A207A8C9A}"
EndProject
Project("{9A19103F-16F7-4668-BE54-9A1E7A4F7556}") = "Finazzy.Project.Infrastructure", "Project\Finazzy.Project.Infrastructure\Finazzy.Project.Infrastructure.csproj", "{FBAB68FF-67DE-484F-9F82-382AECB79D04}"
EndProject
Project("{9A19103F-16F7-4668-BE54-9A1E7A4F7556}") = "Finazzy.Project.Persistence", "Project\Finazzy.Project.Persistence\Finazzy.Project.Persistence.csproj", "{6D44FAA5-7A56-44B7-AAE3-195CA15E1848}"
EndProject
Project("{9A19103F-16F7-4668-BE54-9A1E7A4F7556}") = "Finazzy.Payment.Infrastructure", "Payment\Finazzy.Payment.Infrastructure\Finazzy.Payment.Infrastructure.csproj", "{21EFCB95-FBB1-465B-9A6A-1736B1CD29F3}"
EndProject
Project("{9A19103F-16F7-4668-BE54-9A1E7A4F7556}") = "Finazzy.Payment.Persistence", "Payment\Finazzy.Payment.Persistence\Finazzy.Payment.Persistence.csproj", "{1EB4C18F-C3A3-4DE8-98D6-9A4A14043203}"
EndProject
Project("{9A19103F-16F7-4668-BE54-9A1E7A4F7556}") = "Finazzy.Payment.Application", "Payment\Finazzy.Payment.Application\Finazzy.Payment.Application.csproj", "{DDE80B99-B0E9-4527-87CF-6EBCC0226828}"
EndProject
Project("{9A19103F-16F7-4668-BE54-9A1E7A4F7556}") = "Finazzy.Payment.Domain", "Payment\Finazzy.Payment.Domain\Finazzy.Payment.Domain.csproj", "{C33EC026-F614-48C9-AF37-29190A3DC0DC}"
EndProject
Project("{9A19103F-16F7-4668-BE54-9A1E7A4F7556}") = "Finazzy.Company.Application", "Company\Finazzy.Company.Application\Finazzy.Company.Application.csproj", "{9446283E-7208-4AC8-8FDD-357D09CA56C9}"
EndProject
Project("{9A19103F-16F7-4668-BE54-9A1E7A4F7556}") = "Finazzy.Company.Domain", "Company\Finazzy.Company.Domain\Finazzy.Company.Domain.csproj", "{E04454E0-27B6-47B3-AE79-3EE4A0F5B6B8}"
EndProject
Project("{9A19103F-16F7-4668-BE54-9A1E7A4F7556}") = "Finazzy.Company.Persistence", "Company\Finazzy.Company.Persistence\Finazzy.Company.Persistence.csproj", "{0B0424F5-AD37-4BD4-B8B1-0259EB637802}"
EndProject
Project("{9A19103F-16F7-4668-BE54-9A1E7A4F7556}") = "Finazzy.Company.Infrastructure", "Company\Finazzy.Company.Infrastructure\Finazzy.Company.Infrastructure.csproj", "{DA4FE2E9-70FF-4D46-BC26-092D56BB1A94}"
EndProject
Project("{9A19103F-16F7-4668-BE54-9A1E7A4F7556}") = "Finazzy.Chat.Application", "Chat\Finazzy.Chat.Application\Finazzy.Chat.Application.csproj", "{11A701B8-B534-4E79-B5CD-0D21574384A0}"
EndProject
Project("{9A19103F-16F7-4668-BE54-9A1E7A4F7556}") = "Finazzy.Chat.Domain", "Chat\Finazzy.Chat.Domain\Finazzy.Chat.Domain.csproj", "{A1E82F36-97FC-4266-97D3-201E52F5812B}"
EndProject
Project("{9A19103F-16F7-4668-BE54-9A1E7A4F7556}") = "Finazzy.Chat.Persistence", "Chat\Finazzy.Chat.Persistence\Finazzy.Chat.Persistence.csproj", "{F6D52899-97B6-499B-8F4D-C5D614DE312C}"
EndProject
Project("{9A19103F-16F7-4668-BE54-9A1E7A4F7556}") = "Finazzy.Chat.Infrastructure", "Chat\Finazzy.Chat.Infrastructure\Finazzy.Chat.Infrastructure.csproj", "{F3F3C7F8-AAC6-4AC4-B4A2-85A59A8CD3AB}"
EndProject
Project("{9A19103F-16F7-4668-BE54-9A1E7A4F7556}") = "Finazzy.Lead.Application", "Lead\Finazzy.Lead.Application\Finazzy.Lead.Application.csproj", "{43BF56F2-0B1E-46CA-93AA-7266BFC24062}"
EndProject
Project("{9A19103F-16F7-4668-BE54-9A1E7A4F7556}") = "Finazzy.Lead.Domain", "Lead\Finazzy.Lead.Domain\Finazzy.Lead.Domain.csproj", "{148D10C2-5606-47B7-AA7F-8E672BB83A76}"
EndProject
Project("{9A19103F-16F7-4668-BE54-9A1E7A4F7556}") = "Finazzy.Lead.Infrastructure", "Lead\Finazzy.Lead.Infrastructure\Finazzy.Lead.Infrastructure.csproj", "{7F3747FA-D4AB-4316-93DE-A2442079AF0D}"
EndProject
Project("{9A19103F-16F7-4668-BE54-9A1E7A4F7556}") = "Finazzy.Lead.Persistence", "Lead\Finazzy.Lead.Persistence\Finazzy.Lead.Persistence.csproj", "{B538A65A-E462-45EE-9359-99606E4D866C}"
EndProject
Project("{2150E333-8FDC-42A3-9474-1A3956D46DE8}") = "tests", "tests", "{3B0930A6-2C58-4568-95A5-00E0DB0FDD93}"
EndProject
Project("{2150E333-8FDC-42A3-9474-1A3956D46DE8}") = "Chat", "Chat", "{E61CBBC5-EE63-42B6-AACA-23F177E094D0}"
EndProject
Project("{2150E333-8FDC-42A3-9474-1A3956D46DE8}") = "Company", "Company", "{C2CFFFA1-304E-4470-926E-40AC1192A469}"
EndProject
Project("{2150E333-8FDC-42A3-9474-1A3956D46DE8}") = "Payment", "Payment", "{512EA0DF-5E7F-453E-B511-EF284A6826C2}"
EndProject
Project("{2150E333-8FDC-42A3-9474-1A3956D46DE8}") = "Project", "Project", "{2B4688A5-DC68-4F03-A03B-8F4A09DBE9E8}"
EndProject
Project("{2150E333-8FDC-42A3-9474-1A3956D46DE8}") = "User", "User", "{AE7BB4E7-FCFB-4AD5-AF68-C05B8B97F095}"
EndProject
Project("{2150E333-8FDC-42A3-9474-1A3956D46DE8}") = "Lead", "Lead", "{AF65BB06-E165-4077-987D-515A66856B9D}"
EndProject
Project("{2150E333-8FDC-42A3-9474-1A3956D46DE8}") = "Lead", "Lead", "{4207BA78-B45B-4281-9389-D2045784E7CC}"
EndProject
Project("{9A19103F-16F7-4668-BE54-9A1E7A4F7556}") = "Finazzy.Chat.Domain.Tests.Unit", "tests\Chat\Finazzy.Chat.Domain.Tests.Unit\Finazzy.Chat.Domain.Tests.Unit.csproj", "{CD28A9EF-D8DC-4597-A820-7C411741FB42}"
EndProject
Project("{9A19103F-16F7-4668-BE54-9A1E7A4F7556}") = "Finazzy.Company.Domain.Tests.Unit", "tests\Company\Finazzy.Company.Domain.Tests.Unit\Finazzy.Company.Domain.Tests.Unit.csproj", "{8083477A-14E2-4483-A17D-5A1A73707EDC}"
EndProject
Project("{9A19103F-16F7-4668-BE54-9A1E7A4F7556}") = "Finazzy.Lead.Domain.Tests.Unit", "tests\Lead\Finazzy.Lead.Domain.Tests.Unit\Finazzy.Lead.Domain.Tests.Unit.csproj", "{EC4B9B7C-E0D8-41CC-8E02-78702D870A10}"
EndProject
Project("{9A19103F-16F7-4668-BE54-9A1E7A4F7556}") = "Finazzy.Payment.Domain.Tests.Unit", "tests\Payment\Finazzy.Payment.Domain.Tests.Unit\Finazzy.Payment.Domain.Tests.Unit.csproj", "{CD343DCE-A901-44D8-8EF5-0F04D022A63B}"
EndProject
Project("{9A19103F-16F7-4668-BE54-9A1E7A4F7556}") = "Finazzy.Project.Domain.Tests.Unit", "tests\Project\Finazzy.Project.Domain.Tests.Unit\Finazzy.Project.Domain.Tests.Unit.csproj", "{9A832AAA-EA46-43FE-A73F-1C6D7D3FC19D}"
EndProject
Project("{9A19103F-16F7-4668-BE54-9A1E7A4F7556}") = "Finazzy.User.Domain.Tests.Unit", "tests\User\Finazzy.User.Domain.Tests.Unit\Finazzy.User.Domain.Tests.Unit.csproj", "{98A992EC-8811-4914-88C3-4F1F1EE14216}"
EndProject
Project("{FAE04EC0-301F-11D3-BF4B-00C04F79EFBC}") = "Finazzy.Users.Presentation", "User\Finazzy.User.Presentation\Finazzy.Users.Presentation.csproj", "{98D5C1B8-424A-4FD4-9100-5DF3EAABCF3B}"
EndProject
Project("{FAE04EC0-301F-11D3-BF4B-00C04F79EFBC}") = "Finazzy.WebApi", "Finazzy.WebApi\Finazzy.WebApi.csproj", "{FE1A458D-4FD8-4D92-997A-58C261E2D1DB}"
EndProject
Global
	GlobalSection(SolutionConfigurationPlatforms) = preSolution
		Debug|Any CPU = Debug|Any CPU
		Release|Any CPU = Release|Any CPU
	EndGlobalSection
	GlobalSection(ProjectConfigurationPlatforms) = postSolution
		{7F366CC2-A25F-4E08-AF5C-6F0754E3F5D4}.Debug|Any CPU.ActiveCfg = Debug|Any CPU
		{7F366CC2-A25F-4E08-AF5C-6F0754E3F5D4}.Debug|Any CPU.Build.0 = Debug|Any CPU
		{7F366CC2-A25F-4E08-AF5C-6F0754E3F5D4}.Release|Any CPU.ActiveCfg = Release|Any CPU
		{7F366CC2-A25F-4E08-AF5C-6F0754E3F5D4}.Release|Any CPU.Build.0 = Release|Any CPU
		{B7166436-0F26-4C78-BD4F-5760B5AD0B7D}.Debug|Any CPU.ActiveCfg = Debug|Any CPU
		{B7166436-0F26-4C78-BD4F-5760B5AD0B7D}.Debug|Any CPU.Build.0 = Debug|Any CPU
		{B7166436-0F26-4C78-BD4F-5760B5AD0B7D}.Release|Any CPU.ActiveCfg = Release|Any CPU
		{B7166436-0F26-4C78-BD4F-5760B5AD0B7D}.Release|Any CPU.Build.0 = Release|Any CPU
		{DA685AE8-4405-48C7-915D-8A7FF168A93D}.Debug|Any CPU.ActiveCfg = Debug|Any CPU
		{DA685AE8-4405-48C7-915D-8A7FF168A93D}.Debug|Any CPU.Build.0 = Debug|Any CPU
		{DA685AE8-4405-48C7-915D-8A7FF168A93D}.Release|Any CPU.ActiveCfg = Release|Any CPU
		{DA685AE8-4405-48C7-915D-8A7FF168A93D}.Release|Any CPU.Build.0 = Release|Any CPU
		{573F8283-10B5-4EF6-9527-CC40281B65C0}.Debug|Any CPU.ActiveCfg = Debug|Any CPU
		{573F8283-10B5-4EF6-9527-CC40281B65C0}.Debug|Any CPU.Build.0 = Debug|Any CPU
		{573F8283-10B5-4EF6-9527-CC40281B65C0}.Release|Any CPU.ActiveCfg = Release|Any CPU
		{573F8283-10B5-4EF6-9527-CC40281B65C0}.Release|Any CPU.Build.0 = Release|Any CPU
		{B0CAC996-023D-4A1E-99D7-479715B9FF6A}.Debug|Any CPU.ActiveCfg = Debug|Any CPU
		{B0CAC996-023D-4A1E-99D7-479715B9FF6A}.Debug|Any CPU.Build.0 = Debug|Any CPU
		{B0CAC996-023D-4A1E-99D7-479715B9FF6A}.Release|Any CPU.ActiveCfg = Release|Any CPU
		{B0CAC996-023D-4A1E-99D7-479715B9FF6A}.Release|Any CPU.Build.0 = Release|Any CPU
		{BB97C87F-04E4-4FB1-B16C-985A207A8C9A}.Debug|Any CPU.ActiveCfg = Debug|Any CPU
		{BB97C87F-04E4-4FB1-B16C-985A207A8C9A}.Debug|Any CPU.Build.0 = Debug|Any CPU
		{BB97C87F-04E4-4FB1-B16C-985A207A8C9A}.Release|Any CPU.ActiveCfg = Release|Any CPU
		{BB97C87F-04E4-4FB1-B16C-985A207A8C9A}.Release|Any CPU.Build.0 = Release|Any CPU
		{FBAB68FF-67DE-484F-9F82-382AECB79D04}.Debug|Any CPU.ActiveCfg = Debug|Any CPU
		{FBAB68FF-67DE-484F-9F82-382AECB79D04}.Debug|Any CPU.Build.0 = Debug|Any CPU
		{FBAB68FF-67DE-484F-9F82-382AECB79D04}.Release|Any CPU.ActiveCfg = Release|Any CPU
		{FBAB68FF-67DE-484F-9F82-382AECB79D04}.Release|Any CPU.Build.0 = Release|Any CPU
		{6D44FAA5-7A56-44B7-AAE3-195CA15E1848}.Debug|Any CPU.ActiveCfg = Debug|Any CPU
		{6D44FAA5-7A56-44B7-AAE3-195CA15E1848}.Debug|Any CPU.Build.0 = Debug|Any CPU
		{6D44FAA5-7A56-44B7-AAE3-195CA15E1848}.Release|Any CPU.ActiveCfg = Release|Any CPU
		{6D44FAA5-7A56-44B7-AAE3-195CA15E1848}.Release|Any CPU.Build.0 = Release|Any CPU
		{21EFCB95-FBB1-465B-9A6A-1736B1CD29F3}.Debug|Any CPU.ActiveCfg = Debug|Any CPU
		{21EFCB95-FBB1-465B-9A6A-1736B1CD29F3}.Debug|Any CPU.Build.0 = Debug|Any CPU
		{21EFCB95-FBB1-465B-9A6A-1736B1CD29F3}.Release|Any CPU.ActiveCfg = Release|Any CPU
		{21EFCB95-FBB1-465B-9A6A-1736B1CD29F3}.Release|Any CPU.Build.0 = Release|Any CPU
		{1EB4C18F-C3A3-4DE8-98D6-9A4A14043203}.Debug|Any CPU.ActiveCfg = Debug|Any CPU
		{1EB4C18F-C3A3-4DE8-98D6-9A4A14043203}.Debug|Any CPU.Build.0 = Debug|Any CPU
		{1EB4C18F-C3A3-4DE8-98D6-9A4A14043203}.Release|Any CPU.ActiveCfg = Release|Any CPU
		{1EB4C18F-C3A3-4DE8-98D6-9A4A14043203}.Release|Any CPU.Build.0 = Release|Any CPU
		{DDE80B99-B0E9-4527-87CF-6EBCC0226828}.Debug|Any CPU.ActiveCfg = Debug|Any CPU
		{DDE80B99-B0E9-4527-87CF-6EBCC0226828}.Debug|Any CPU.Build.0 = Debug|Any CPU
		{DDE80B99-B0E9-4527-87CF-6EBCC0226828}.Release|Any CPU.ActiveCfg = Release|Any CPU
		{DDE80B99-B0E9-4527-87CF-6EBCC0226828}.Release|Any CPU.Build.0 = Release|Any CPU
		{C33EC026-F614-48C9-AF37-29190A3DC0DC}.Debug|Any CPU.ActiveCfg = Debug|Any CPU
		{C33EC026-F614-48C9-AF37-29190A3DC0DC}.Debug|Any CPU.Build.0 = Debug|Any CPU
		{C33EC026-F614-48C9-AF37-29190A3DC0DC}.Release|Any CPU.ActiveCfg = Release|Any CPU
		{C33EC026-F614-48C9-AF37-29190A3DC0DC}.Release|Any CPU.Build.0 = Release|Any CPU
		{9446283E-7208-4AC8-8FDD-357D09CA56C9}.Debug|Any CPU.ActiveCfg = Debug|Any CPU
		{9446283E-7208-4AC8-8FDD-357D09CA56C9}.Debug|Any CPU.Build.0 = Debug|Any CPU
		{9446283E-7208-4AC8-8FDD-357D09CA56C9}.Release|Any CPU.ActiveCfg = Release|Any CPU
		{9446283E-7208-4AC8-8FDD-357D09CA56C9}.Release|Any CPU.Build.0 = Release|Any CPU
		{E04454E0-27B6-47B3-AE79-3EE4A0F5B6B8}.Debug|Any CPU.ActiveCfg = Debug|Any CPU
		{E04454E0-27B6-47B3-AE79-3EE4A0F5B6B8}.Debug|Any CPU.Build.0 = Debug|Any CPU
		{E04454E0-27B6-47B3-AE79-3EE4A0F5B6B8}.Release|Any CPU.ActiveCfg = Release|Any CPU
		{E04454E0-27B6-47B3-AE79-3EE4A0F5B6B8}.Release|Any CPU.Build.0 = Release|Any CPU
		{0B0424F5-AD37-4BD4-B8B1-0259EB637802}.Debug|Any CPU.ActiveCfg = Debug|Any CPU
		{0B0424F5-AD37-4BD4-B8B1-0259EB637802}.Debug|Any CPU.Build.0 = Debug|Any CPU
		{0B0424F5-AD37-4BD4-B8B1-0259EB637802}.Release|Any CPU.ActiveCfg = Release|Any CPU
		{0B0424F5-AD37-4BD4-B8B1-0259EB637802}.Release|Any CPU.Build.0 = Release|Any CPU
		{DA4FE2E9-70FF-4D46-BC26-092D56BB1A94}.Debug|Any CPU.ActiveCfg = Debug|Any CPU
		{DA4FE2E9-70FF-4D46-BC26-092D56BB1A94}.Debug|Any CPU.Build.0 = Debug|Any CPU
		{DA4FE2E9-70FF-4D46-BC26-092D56BB1A94}.Release|Any CPU.ActiveCfg = Release|Any CPU
		{DA4FE2E9-70FF-4D46-BC26-092D56BB1A94}.Release|Any CPU.Build.0 = Release|Any CPU
		{11A701B8-B534-4E79-B5CD-0D21574384A0}.Debug|Any CPU.ActiveCfg = Debug|Any CPU
		{11A701B8-B534-4E79-B5CD-0D21574384A0}.Debug|Any CPU.Build.0 = Debug|Any CPU
		{11A701B8-B534-4E79-B5CD-0D21574384A0}.Release|Any CPU.ActiveCfg = Release|Any CPU
		{11A701B8-B534-4E79-B5CD-0D21574384A0}.Release|Any CPU.Build.0 = Release|Any CPU
		{A1E82F36-97FC-4266-97D3-201E52F5812B}.Debug|Any CPU.ActiveCfg = Debug|Any CPU
		{A1E82F36-97FC-4266-97D3-201E52F5812B}.Debug|Any CPU.Build.0 = Debug|Any CPU
		{A1E82F36-97FC-4266-97D3-201E52F5812B}.Release|Any CPU.ActiveCfg = Release|Any CPU
		{A1E82F36-97FC-4266-97D3-201E52F5812B}.Release|Any CPU.Build.0 = Release|Any CPU
		{F6D52899-97B6-499B-8F4D-C5D614DE312C}.Debug|Any CPU.ActiveCfg = Debug|Any CPU
		{F6D52899-97B6-499B-8F4D-C5D614DE312C}.Debug|Any CPU.Build.0 = Debug|Any CPU
		{F6D52899-97B6-499B-8F4D-C5D614DE312C}.Release|Any CPU.ActiveCfg = Release|Any CPU
		{F6D52899-97B6-499B-8F4D-C5D614DE312C}.Release|Any CPU.Build.0 = Release|Any CPU
		{F3F3C7F8-AAC6-4AC4-B4A2-85A59A8CD3AB}.Debug|Any CPU.ActiveCfg = Debug|Any CPU
		{F3F3C7F8-AAC6-4AC4-B4A2-85A59A8CD3AB}.Debug|Any CPU.Build.0 = Debug|Any CPU
		{F3F3C7F8-AAC6-4AC4-B4A2-85A59A8CD3AB}.Release|Any CPU.ActiveCfg = Release|Any CPU
		{F3F3C7F8-AAC6-4AC4-B4A2-85A59A8CD3AB}.Release|Any CPU.Build.0 = Release|Any CPU
		{43BF56F2-0B1E-46CA-93AA-7266BFC24062}.Debug|Any CPU.ActiveCfg = Debug|Any CPU
		{43BF56F2-0B1E-46CA-93AA-7266BFC24062}.Debug|Any CPU.Build.0 = Debug|Any CPU
		{43BF56F2-0B1E-46CA-93AA-7266BFC24062}.Release|Any CPU.ActiveCfg = Release|Any CPU
		{43BF56F2-0B1E-46CA-93AA-7266BFC24062}.Release|Any CPU.Build.0 = Release|Any CPU
		{148D10C2-5606-47B7-AA7F-8E672BB83A76}.Debug|Any CPU.ActiveCfg = Debug|Any CPU
		{148D10C2-5606-47B7-AA7F-8E672BB83A76}.Debug|Any CPU.Build.0 = Debug|Any CPU
		{148D10C2-5606-47B7-AA7F-8E672BB83A76}.Release|Any CPU.ActiveCfg = Release|Any CPU
		{148D10C2-5606-47B7-AA7F-8E672BB83A76}.Release|Any CPU.Build.0 = Release|Any CPU
		{7F3747FA-D4AB-4316-93DE-A2442079AF0D}.Debug|Any CPU.ActiveCfg = Debug|Any CPU
		{7F3747FA-D4AB-4316-93DE-A2442079AF0D}.Debug|Any CPU.Build.0 = Debug|Any CPU
		{7F3747FA-D4AB-4316-93DE-A2442079AF0D}.Release|Any CPU.ActiveCfg = Release|Any CPU
		{7F3747FA-D4AB-4316-93DE-A2442079AF0D}.Release|Any CPU.Build.0 = Release|Any CPU
		{B538A65A-E462-45EE-9359-99606E4D866C}.Debug|Any CPU.ActiveCfg = Debug|Any CPU
		{B538A65A-E462-45EE-9359-99606E4D866C}.Debug|Any CPU.Build.0 = Debug|Any CPU
		{B538A65A-E462-45EE-9359-99606E4D866C}.Release|Any CPU.ActiveCfg = Release|Any CPU
		{B538A65A-E462-45EE-9359-99606E4D866C}.Release|Any CPU.Build.0 = Release|Any CPU
		{CD28A9EF-D8DC-4597-A820-7C411741FB42}.Debug|Any CPU.ActiveCfg = Debug|Any CPU
		{CD28A9EF-D8DC-4597-A820-7C411741FB42}.Debug|Any CPU.Build.0 = Debug|Any CPU
		{CD28A9EF-D8DC-4597-A820-7C411741FB42}.Release|Any CPU.ActiveCfg = Release|Any CPU
		{CD28A9EF-D8DC-4597-A820-7C411741FB42}.Release|Any CPU.Build.0 = Release|Any CPU
		{8083477A-14E2-4483-A17D-5A1A73707EDC}.Debug|Any CPU.ActiveCfg = Debug|Any CPU
		{8083477A-14E2-4483-A17D-5A1A73707EDC}.Debug|Any CPU.Build.0 = Debug|Any CPU
		{8083477A-14E2-4483-A17D-5A1A73707EDC}.Release|Any CPU.ActiveCfg = Release|Any CPU
		{8083477A-14E2-4483-A17D-5A1A73707EDC}.Release|Any CPU.Build.0 = Release|Any CPU
		{EC4B9B7C-E0D8-41CC-8E02-78702D870A10}.Debug|Any CPU.ActiveCfg = Debug|Any CPU
		{EC4B9B7C-E0D8-41CC-8E02-78702D870A10}.Debug|Any CPU.Build.0 = Debug|Any CPU
		{EC4B9B7C-E0D8-41CC-8E02-78702D870A10}.Release|Any CPU.ActiveCfg = Release|Any CPU
		{EC4B9B7C-E0D8-41CC-8E02-78702D870A10}.Release|Any CPU.Build.0 = Release|Any CPU
		{CD343DCE-A901-44D8-8EF5-0F04D022A63B}.Debug|Any CPU.ActiveCfg = Debug|Any CPU
		{CD343DCE-A901-44D8-8EF5-0F04D022A63B}.Debug|Any CPU.Build.0 = Debug|Any CPU
		{CD343DCE-A901-44D8-8EF5-0F04D022A63B}.Release|Any CPU.ActiveCfg = Release|Any CPU
		{CD343DCE-A901-44D8-8EF5-0F04D022A63B}.Release|Any CPU.Build.0 = Release|Any CPU
		{9A832AAA-EA46-43FE-A73F-1C6D7D3FC19D}.Debug|Any CPU.ActiveCfg = Debug|Any CPU
		{9A832AAA-EA46-43FE-A73F-1C6D7D3FC19D}.Debug|Any CPU.Build.0 = Debug|Any CPU
		{9A832AAA-EA46-43FE-A73F-1C6D7D3FC19D}.Release|Any CPU.ActiveCfg = Release|Any CPU
		{9A832AAA-EA46-43FE-A73F-1C6D7D3FC19D}.Release|Any CPU.Build.0 = Release|Any CPU
		{98A992EC-8811-4914-88C3-4F1F1EE14216}.Debug|Any CPU.ActiveCfg = Debug|Any CPU
		{98A992EC-8811-4914-88C3-4F1F1EE14216}.Debug|Any CPU.Build.0 = Debug|Any CPU
		{98A992EC-8811-4914-88C3-4F1F1EE14216}.Release|Any CPU.ActiveCfg = Release|Any CPU
		{98A992EC-8811-4914-88C3-4F1F1EE14216}.Release|Any CPU.Build.0 = Release|Any CPU
		{98D5C1B8-424A-4FD4-9100-5DF3EAABCF3B}.Debug|Any CPU.ActiveCfg = Debug|Any CPU
		{98D5C1B8-424A-4FD4-9100-5DF3EAABCF3B}.Debug|Any CPU.Build.0 = Debug|Any CPU
		{98D5C1B8-424A-4FD4-9100-5DF3EAABCF3B}.Release|Any CPU.ActiveCfg = Release|Any CPU
		{98D5C1B8-424A-4FD4-9100-5DF3EAABCF3B}.Release|Any CPU.Build.0 = Release|Any CPU
		{FE1A458D-4FD8-4D92-997A-58C261E2D1DB}.Debug|Any CPU.ActiveCfg = Debug|Any CPU
		{FE1A458D-4FD8-4D92-997A-58C261E2D1DB}.Debug|Any CPU.Build.0 = Debug|Any CPU
		{FE1A458D-4FD8-4D92-997A-58C261E2D1DB}.Release|Any CPU.ActiveCfg = Release|Any CPU
		{FE1A458D-4FD8-4D92-997A-58C261E2D1DB}.Release|Any CPU.Build.0 = Release|Any CPU
	EndGlobalSection
	GlobalSection(SolutionProperties) = preSolution
		HideSolutionNode = FALSE
	EndGlobalSection
	GlobalSection(NestedProjects) = preSolution
		{33EB0B66-E785-401C-913F-0E58754A7C90} = {0EE24E63-E47A-4FB7-ADD5-2DFE18E24314}
		{A51F2F80-F55B-4CF2-BB66-A0E9CAACAE9D} = {0EE24E63-E47A-4FB7-ADD5-2DFE18E24314}
		{8ECEBAC6-33D1-47A7-B3D0-A2C11FA69CA4} = {0EE24E63-E47A-4FB7-ADD5-2DFE18E24314}
		{6F0B068A-6383-426A-81FD-F1F34F0F37CF} = {0EE24E63-E47A-4FB7-ADD5-2DFE18E24314}
		{0FEFF3C3-A188-4C39-A70E-828BFDD96099} = {0EE24E63-E47A-4FB7-ADD5-2DFE18E24314}
		{7F366CC2-A25F-4E08-AF5C-6F0754E3F5D4} = {33EB0B66-E785-401C-913F-0E58754A7C90}
		{B7166436-0F26-4C78-BD4F-5760B5AD0B7D} = {33EB0B66-E785-401C-913F-0E58754A7C90}
		{DA685AE8-4405-48C7-915D-8A7FF168A93D} = {33EB0B66-E785-401C-913F-0E58754A7C90}
		{573F8283-10B5-4EF6-9527-CC40281B65C0} = {33EB0B66-E785-401C-913F-0E58754A7C90}
		{B0CAC996-023D-4A1E-99D7-479715B9FF6A} = {8ECEBAC6-33D1-47A7-B3D0-A2C11FA69CA4}
		{BB97C87F-04E4-4FB1-B16C-985A207A8C9A} = {8ECEBAC6-33D1-47A7-B3D0-A2C11FA69CA4}
		{FBAB68FF-67DE-484F-9F82-382AECB79D04} = {8ECEBAC6-33D1-47A7-B3D0-A2C11FA69CA4}
		{6D44FAA5-7A56-44B7-AAE3-195CA15E1848} = {8ECEBAC6-33D1-47A7-B3D0-A2C11FA69CA4}
		{21EFCB95-FBB1-465B-9A6A-1736B1CD29F3} = {0FEFF3C3-A188-4C39-A70E-828BFDD96099}
		{1EB4C18F-C3A3-4DE8-98D6-9A4A14043203} = {0FEFF3C3-A188-4C39-A70E-828BFDD96099}
		{DDE80B99-B0E9-4527-87CF-6EBCC0226828} = {0FEFF3C3-A188-4C39-A70E-828BFDD96099}
		{C33EC026-F614-48C9-AF37-29190A3DC0DC} = {0FEFF3C3-A188-4C39-A70E-828BFDD96099}
		{9446283E-7208-4AC8-8FDD-357D09CA56C9} = {A51F2F80-F55B-4CF2-BB66-A0E9CAACAE9D}
		{E04454E0-27B6-47B3-AE79-3EE4A0F5B6B8} = {A51F2F80-F55B-4CF2-BB66-A0E9CAACAE9D}
		{0B0424F5-AD37-4BD4-B8B1-0259EB637802} = {A51F2F80-F55B-4CF2-BB66-A0E9CAACAE9D}
		{DA4FE2E9-70FF-4D46-BC26-092D56BB1A94} = {A51F2F80-F55B-4CF2-BB66-A0E9CAACAE9D}
		{11A701B8-B534-4E79-B5CD-0D21574384A0} = {6F0B068A-6383-426A-81FD-F1F34F0F37CF}
		{A1E82F36-97FC-4266-97D3-201E52F5812B} = {6F0B068A-6383-426A-81FD-F1F34F0F37CF}
		{F6D52899-97B6-499B-8F4D-C5D614DE312C} = {6F0B068A-6383-426A-81FD-F1F34F0F37CF}
		{F3F3C7F8-AAC6-4AC4-B4A2-85A59A8CD3AB} = {6F0B068A-6383-426A-81FD-F1F34F0F37CF}
		{43BF56F2-0B1E-46CA-93AA-7266BFC24062} = {4207BA78-B45B-4281-9389-D2045784E7CC}
		{148D10C2-5606-47B7-AA7F-8E672BB83A76} = {4207BA78-B45B-4281-9389-D2045784E7CC}
		{7F3747FA-D4AB-4316-93DE-A2442079AF0D} = {4207BA78-B45B-4281-9389-D2045784E7CC}
		{B538A65A-E462-45EE-9359-99606E4D866C} = {4207BA78-B45B-4281-9389-D2045784E7CC}
		{E61CBBC5-EE63-42B6-AACA-23F177E094D0} = {3B0930A6-2C58-4568-95A5-00E0DB0FDD93}
		{C2CFFFA1-304E-4470-926E-40AC1192A469} = {3B0930A6-2C58-4568-95A5-00E0DB0FDD93}
		{512EA0DF-5E7F-453E-B511-EF284A6826C2} = {3B0930A6-2C58-4568-95A5-00E0DB0FDD93}
		{2B4688A5-DC68-4F03-A03B-8F4A09DBE9E8} = {3B0930A6-2C58-4568-95A5-00E0DB0FDD93}
		{AE7BB4E7-FCFB-4AD5-AF68-C05B8B97F095} = {3B0930A6-2C58-4568-95A5-00E0DB0FDD93}
		{AF65BB06-E165-4077-987D-515A66856B9D} = {3B0930A6-2C58-4568-95A5-00E0DB0FDD93}
		{4207BA78-B45B-4281-9389-D2045784E7CC} = {0EE24E63-E47A-4FB7-ADD5-2DFE18E24314}
		{CD28A9EF-D8DC-4597-A820-7C411741FB42} = {E61CBBC5-EE63-42B6-AACA-23F177E094D0}
		{8083477A-14E2-4483-A17D-5A1A73707EDC} = {C2CFFFA1-304E-4470-926E-40AC1192A469}
		{EC4B9B7C-E0D8-41CC-8E02-78702D870A10} = {AF65BB06-E165-4077-987D-515A66856B9D}
		{CD343DCE-A901-44D8-8EF5-0F04D022A63B} = {512EA0DF-5E7F-453E-B511-EF284A6826C2}
		{9A832AAA-EA46-43FE-A73F-1C6D7D3FC19D} = {2B4688A5-DC68-4F03-A03B-8F4A09DBE9E8}
		{98A992EC-8811-4914-88C3-4F1F1EE14216} = {AE7BB4E7-FCFB-4AD5-AF68-C05B8B97F095}
		{98D5C1B8-424A-4FD4-9100-5DF3EAABCF3B} = {33EB0B66-E785-401C-913F-0E58754A7C90}
	EndGlobalSection
	GlobalSection(ExtensibilityGlobals) = postSolution
		SolutionGuid = {3DCC510F-6ACB-4964-90B9-B0330737CAFC}
	EndGlobalSection
EndGlobal
