
Microsoft Visual Studio Solution File, Format Version 12.00
# Visual Studio Version 17
VisualStudioVersion = 17.10.35027.167
MinimumVisualStudioVersion = 10.0.40219.1
Project("{2150E333-8FDC-42A3-9474-1A3956D46DE8}") = "src", "src", "{0EE24E63-E47A-4FB7-ADD5-2DFE18E24314}"
EndProject
Project("{2150E333-8FDC-42A3-9474-1A3956D46DE8}") = "tests", "tests", "{3B0930A6-2C58-4568-95A5-00E0DB0FDD93}"
EndProject
Project("{9A19103F-16F7-4668-BE54-9A1E7A4F7556}") = "Finazzy.Domain.Tests.Unit", "tests\Finazzy.Domain.Tests.Unit\Finazzy.Domain.Tests.Unit.csproj", "{CD28A9EF-D8DC-4597-A820-7C411741FB42}"
EndProject
Project("{9A19103F-16F7-4668-BE54-9A1E7A4F7556}") = "Finazzy.WebApi", "Finazzy.WebApi\Finazzy.WebApi.csproj", "{FE1A458D-4FD8-4D92-997A-58C261E2D1DB}"
EndProject
Project("{9A19103F-16F7-4668-BE54-9A1E7A4F7556}") = "Finazzy.Application", "Finazzy.Application\Finazzy.Application.csproj", "{DB903F8E-BAD1-41EB-8880-EF70AB8183CF}"
EndProject
Project("{9A19103F-16F7-4668-BE54-9A1E7A4F7556}") = "Finazzy.Domain", "Finazzy.Domain\Finazzy.Domain.csproj", "{1B00BFEA-CA97-4A56-AB36-DA6DECEE255B}"
EndProject
Project("{2150E333-8FDC-42A3-9474-1A3956D46DE8}") = "Core", "Core", "{FC026584-2C4C-4708-B684-32489891B299}"
EndProject
Project("{2150E333-8FDC-42A3-9474-1A3956D46DE8}") = "UI", "UI", "{ABF5A0CC-66CD-466C-A07F-91CEE80706D5}"
EndProject
Project("{2150E333-8FDC-42A3-9474-1A3956D46DE8}") = "Infrastructure", "Infrastructure", "{43143292-08DB-4866-98BE-D35736E17CD4}"
EndProject
Project("{9A19103F-16F7-4668-BE54-9A1E7A4F7556}") = "Finazzy.Infrastructure", "Finazzy.Infrastructure\Finazzy.Infrastructure.csproj", "{4D600CC2-8E45-4973-9AB8-233831EC4DCC}"
EndProject
Project("{9A19103F-16F7-4668-BE54-9A1E7A4F7556}") = "Finazzy.Presentation", "Finazzy.Presentation\Finazzy.Presentation.csproj", "{EB837FB7-4CEA-4B78-98E6-7723BE89B1EE}"
EndProject
Global
	GlobalSection(SolutionConfigurationPlatforms) = preSolution
		Debug|Any CPU = Debug|Any CPU
		Release|Any CPU = Release|Any CPU
	EndGlobalSection
	GlobalSection(ProjectConfigurationPlatforms) = postSolution
		{CD28A9EF-D8DC-4597-A820-7C411741FB42}.Debug|Any CPU.ActiveCfg = Debug|Any CPU
		{CD28A9EF-D8DC-4597-A820-7C411741FB42}.Debug|Any CPU.Build.0 = Debug|Any CPU
		{CD28A9EF-D8DC-4597-A820-7C411741FB42}.Release|Any CPU.ActiveCfg = Release|Any CPU
		{CD28A9EF-D8DC-4597-A820-7C411741FB42}.Release|Any CPU.Build.0 = Release|Any CPU
		{FE1A458D-4FD8-4D92-997A-58C261E2D1DB}.Debug|Any CPU.ActiveCfg = Debug|Any CPU
		{FE1A458D-4FD8-4D92-997A-58C261E2D1DB}.Debug|Any CPU.Build.0 = Debug|Any CPU
		{FE1A458D-4FD8-4D92-997A-58C261E2D1DB}.Release|Any CPU.ActiveCfg = Release|Any CPU
		{FE1A458D-4FD8-4D92-997A-58C261E2D1DB}.Release|Any CPU.Build.0 = Release|Any CPU
		{DB903F8E-BAD1-41EB-8880-EF70AB8183CF}.Debug|Any CPU.ActiveCfg = Debug|Any CPU
		{DB903F8E-BAD1-41EB-8880-EF70AB8183CF}.Debug|Any CPU.Build.0 = Debug|Any CPU
		{DB903F8E-BAD1-41EB-8880-EF70AB8183CF}.Release|Any CPU.ActiveCfg = Release|Any CPU
		{DB903F8E-BAD1-41EB-8880-EF70AB8183CF}.Release|Any CPU.Build.0 = Release|Any CPU
		{1B00BFEA-CA97-4A56-AB36-DA6DECEE255B}.Debug|Any CPU.ActiveCfg = Debug|Any CPU
		{1B00BFEA-CA97-4A56-AB36-DA6DECEE255B}.Debug|Any CPU.Build.0 = Debug|Any CPU
		{1B00BFEA-CA97-4A56-AB36-DA6DECEE255B}.Release|Any CPU.ActiveCfg = Release|Any CPU
		{1B00BFEA-CA97-4A56-AB36-DA6DECEE255B}.Release|Any CPU.Build.0 = Release|Any CPU
		{4D600CC2-8E45-4973-9AB8-233831EC4DCC}.Debug|Any CPU.ActiveCfg = Debug|Any CPU
		{4D600CC2-8E45-4973-9AB8-233831EC4DCC}.Debug|Any CPU.Build.0 = Debug|Any CPU
		{4D600CC2-8E45-4973-9AB8-233831EC4DCC}.Release|Any CPU.ActiveCfg = Release|Any CPU
		{4D600CC2-8E45-4973-9AB8-233831EC4DCC}.Release|Any CPU.Build.0 = Release|Any CPU
		{EB837FB7-4CEA-4B78-98E6-7723BE89B1EE}.Debug|Any CPU.ActiveCfg = Debug|Any CPU
		{EB837FB7-4CEA-4B78-98E6-7723BE89B1EE}.Debug|Any CPU.Build.0 = Debug|Any CPU
		{EB837FB7-4CEA-4B78-98E6-7723BE89B1EE}.Release|Any CPU.ActiveCfg = Release|Any CPU
		{EB837FB7-4CEA-4B78-98E6-7723BE89B1EE}.Release|Any CPU.Build.0 = Release|Any CPU
	EndGlobalSection
	GlobalSection(SolutionProperties) = preSolution
		HideSolutionNode = FALSE
	EndGlobalSection
	GlobalSection(NestedProjects) = preSolution
		{CD28A9EF-D8DC-4597-A820-7C411741FB42} = {3B0930A6-2C58-4568-95A5-00E0DB0FDD93}
		{FE1A458D-4FD8-4D92-997A-58C261E2D1DB} = {ABF5A0CC-66CD-466C-A07F-91CEE80706D5}
		{DB903F8E-BAD1-41EB-8880-EF70AB8183CF} = {FC026584-2C4C-4708-B684-32489891B299}
		{1B00BFEA-CA97-4A56-AB36-DA6DECEE255B} = {FC026584-2C4C-4708-B684-32489891B299}
		{FC026584-2C4C-4708-B684-32489891B299} = {0EE24E63-E47A-4FB7-ADD5-2DFE18E24314}
		{ABF5A0CC-66CD-466C-A07F-91CEE80706D5} = {0EE24E63-E47A-4FB7-ADD5-2DFE18E24314}
		{43143292-08DB-4866-98BE-D35736E17CD4} = {0EE24E63-E47A-4FB7-ADD5-2DFE18E24314}
		{4D600CC2-8E45-4973-9AB8-233831EC4DCC} = {43143292-08DB-4866-98BE-D35736E17CD4}
		{EB837FB7-4CEA-4B78-98E6-7723BE89B1EE} = {43143292-08DB-4866-98BE-D35736E17CD4}
	EndGlobalSection
	GlobalSection(ExtensibilityGlobals) = postSolution
		SolutionGuid = {3DCC510F-6ACB-4964-90B9-B0330737CAFC}
	EndGlobalSection
EndGlobal
